
Microsoft Visual Studio Solution File, Format Version 12.00
# Visual Studio 15
VisualStudioVersion = 15.0.27130.2026
MinimumVisualStudioVersion = 10.0.40219.1
Project("{8BC9CEB8-8B4A-11D0-8D11-00A0C91BC942}") = "MattBoy", "MattBoy\MattBoy.vcxproj", "{32BE06E7-B7A2-4B3E-9D32-F32F419D6EEE}"
EndProject
Project("{8BC9CEB8-8B4A-11D0-8D11-00A0C91BC942}") = "MattBoyWin32", "MattBoyWin32\MattBoyWin32.vcxproj", "{F800F2C5-3EC8-4809-89A2-723F05825DD4}"
	ProjectSection(ProjectDependencies) = postProject
		{32BE06E7-B7A2-4B3E-9D32-F32F419D6EEE} = {32BE06E7-B7A2-4B3E-9D32-F32F419D6EEE}
	EndProjectSection
EndProject
Global
	GlobalSection(SolutionConfigurationPlatforms) = preSolution
		Debug|x64 = Debug|x64
		Debug|x86 = Debug|x86
		Release|x64 = Release|x64
		Release|x86 = Release|x86
	EndGlobalSection
	GlobalSection(ProjectConfigurationPlatforms) = postSolution
		{32BE06E7-B7A2-4B3E-9D32-F32F419D6EEE}.Debug|x64.ActiveCfg = Debug|x64
		{32BE06E7-B7A2-4B3E-9D32-F32F419D6EEE}.Debug|x64.Build.0 = Debug|x64
		{32BE06E7-B7A2-4B3E-9D32-F32F419D6EEE}.Debug|x86.ActiveCfg = Debug|Win32
		{32BE06E7-B7A2-4B3E-9D32-F32F419D6EEE}.Debug|x86.Build.0 = Debug|Win32
		{32BE06E7-B7A2-4B3E-9D32-F32F419D6EEE}.Release|x64.ActiveCfg = Release|x64
		{32BE06E7-B7A2-4B3E-9D32-F32F419D6EEE}.Release|x64.Build.0 = Release|x64
		{32BE06E7-B7A2-4B3E-9D32-F32F419D6EEE}.Release|x86.ActiveCfg = Release|Win32
		{32BE06E7-B7A2-4B3E-9D32-F32F419D6EEE}.Release|x86.Build.0 = Release|Win32
		{F800F2C5-3EC8-4809-89A2-723F05825DD4}.Debug|x64.ActiveCfg = Debug|x64
		{F800F2C5-3EC8-4809-89A2-723F05825DD4}.Debug|x64.Build.0 = Debug|x64
		{F800F2C5-3EC8-4809-89A2-723F05825DD4}.Debug|x86.ActiveCfg = Debug|Win32
		{F800F2C5-3EC8-4809-89A2-723F05825DD4}.Debug|x86.Build.0 = Debug|Win32
		{F800F2C5-3EC8-4809-89A2-723F05825DD4}.Release|x64.ActiveCfg = Release|x64
		{F800F2C5-3EC8-4809-89A2-723F05825DD4}.Release|x64.Build.0 = Release|x64
		{F800F2C5-3EC8-4809-89A2-723F05825DD4}.Release|x86.ActiveCfg = Release|Win32
		{F800F2C5-3EC8-4809-89A2-723F05825DD4}.Release|x86.Build.0 = Release|Win32
	EndGlobalSection
	GlobalSection(SolutionProperties) = preSolution
		HideSolutionNode = FALSE
	EndGlobalSection
	GlobalSection(ExtensibilityGlobals) = postSolution
		SolutionGuid = {8D879A61-1A49-4AA4-9C40-D1EB5D72DBD2}
	EndGlobalSection
EndGlobal
