<?xml version="1.0" encoding="utf-8"?>
<Project ToolsVersion="4.0" xmlns="http://schemas.microsoft.com/developer/msbuild/2003">
  <ItemGroup>
    <Filter Include="Source Files">
      <UniqueIdentifier>{4FC737F1-C7A5-4376-A066-2A32D752A2FF}</UniqueIdentifier>
      <Extensions>cpp;c;cc;cxx;def;odl;idl;hpj;bat;asm;asmx</Extensions>
    </Filter>
    <Filter Include="Header Files">
      <UniqueIdentifier>{93995380-89BD-4b04-88EB-625FBE52EBFB}</UniqueIdentifier>
      <Extensions>h;hh;hpp;hxx;hm;inl;inc;xsd</Extensions>
    </Filter>
    <Filter Include="Resource Files">
      <UniqueIdentifier>{67DA6AB6-F800-4c08-8B7A-83BB121AAD01}</UniqueIdentifier>
      <Extensions>rc;ico;cur;bmp;dlg;rc2;rct;bin;rgs;gif;jpg;jpeg;jpe;resx;tiff;tif;png;wav;mfcribbon-ms</Extensions>
    </Filter>
    <Filter Include="Header Files\graphics">
      <UniqueIdentifier>{02723c82-ee33-42d9-bf4c-00534c1fb80e}</UniqueIdentifier>
    </Filter>
    <Filter Include="Header Files\memory">
      <UniqueIdentifier>{692308af-8226-4db0-aaa4-e14dd8bcc579}</UniqueIdentifier>
    </Filter>
    <Filter Include="Header Files\cpu">
      <UniqueIdentifier>{6ee7f3c0-be91-4706-8e32-5ebdd28a2b9c}</UniqueIdentifier>
    </Filter>
    <Filter Include="Source Files\graphics">
      <UniqueIdentifier>{a0eb495e-860c-48e0-a38d-a3871c370bec}</UniqueIdentifier>
    </Filter>
    <Filter Include="Source Files\memory">
      <UniqueIdentifier>{ba84716c-7f03-40e4-aab5-3c1ad6fbe782}</UniqueIdentifier>
    </Filter>
    <Filter Include="Source Files\cpu">
      <UniqueIdentifier>{38ea61a4-1b03-4baa-9856-626e31ffbbb1}</UniqueIdentifier>
    </Filter>
  </ItemGroup>
  <ItemGroup>
    <ClCompile Include="MattBoy.cpp">
      <Filter>Source Files</Filter>
    </ClCompile>
    <ClCompile Include="Gameboy.cpp">
      <Filter>Source Files</Filter>
    </ClCompile>
    <ClCompile Include="Util.cpp">
      <Filter>Source Files</Filter>
    </ClCompile>
    <ClCompile Include="Cartridge.cpp">
      <Filter>Source Files\memory</Filter>
    </ClCompile>
    <ClCompile Include="MBCNone.cpp">
      <Filter>Source Files\memory</Filter>
    </ClCompile>
    <ClCompile Include="MMU.cpp">
      <Filter>Source Files\memory</Filter>
    </ClCompile>
    <ClCompile Include="GPU.cpp">
      <Filter>Source Files\graphics</Filter>
    </ClCompile>
    <ClCompile Include="Tile.cpp">
      <Filter>Source Files\graphics</Filter>
    </ClCompile>
    <ClCompile Include="InterruptHandler.cpp">
      <Filter>Source Files\cpu</Filter>
    </ClCompile>
    <ClCompile Include="CPU.cpp">
      <Filter>Source Files\cpu</Filter>
    </ClCompile>
  </ItemGroup>
  <ItemGroup>
    <ClInclude Include="Gameboy.h">
      <Filter>Header Files</Filter>
    </ClInclude>
    <ClInclude Include="Util.h">
      <Filter>Header Files</Filter>
    </ClInclude>
    <ClInclude Include="Tile.h">
      <Filter>Header Files\graphics</Filter>
    </ClInclude>
    <ClInclude Include="GPUMode.h">
      <Filter>Header Files\graphics</Filter>
    </ClInclude>
    <ClInclude Include="GPU.h">
      <Filter>Header Files\graphics</Filter>
    </ClInclude>
    <ClInclude Include="Cartridge.h">
      <Filter>Header Files\memory</Filter>
    </ClInclude>
    <ClInclude Include="CartridgeType.h">
      <Filter>Header Files\memory</Filter>
    </ClInclude>
    <ClInclude Include="MBC.h">
      <Filter>Header Files\memory</Filter>
    </ClInclude>
    <ClInclude Include="MBCNone.h">
      <Filter>Header Files\memory</Filter>
    </ClInclude>
    <ClInclude Include="MMU.h">
      <Filter>Header Files\memory</Filter>
    </ClInclude>
    <ClInclude Include="InterruptHandler.h">
      <Filter>Header Files\cpu</Filter>
    </ClInclude>
    <ClInclude Include="CPU.h">
      <Filter>Header Files\cpu</Filter>
    </ClInclude>
  </ItemGroup>
</Project>